// !$*UTF8*$!
{
	archiveVersion = 1;
	classes = {
	};
	objectVersion = 56;
	objects = {

/* Begin PBXBuildFile section */
		E117B3EF2AB46F3900407A1E /* ProfileEditor.swift in Sources */ = {isa = PBXBuildFile; fileRef = E117B3EE2AB46F3900407A1E /* ProfileEditor.swift */; };
		E16F87CE2AB24C1B00B28A4A /* RotateBadgeSymbol.swift in Sources */ = {isa = PBXBuildFile; fileRef = E16F87CD2AB24C1B00B28A4A /* RotateBadgeSymbol.swift */; };
		E16F87D02AB24C8A00B28A4A /* Badge.swift in Sources */ = {isa = PBXBuildFile; fileRef = E16F87CF2AB24C8A00B28A4A /* Badge.swift */; };
		E189BAA62AADC38600831765 /* landmarkData.json in Resources */ = {isa = PBXBuildFile; fileRef = E189BAA52AADC38600831765 /* landmarkData.json */; };
		E189BAA82AADC39D00831765 /* Landmark.swift in Sources */ = {isa = PBXBuildFile; fileRef = E189BAA72AADC39D00831765 /* Landmark.swift */; };
		E189BAAA2AADC5D500831765 /* ModelData.swift in Sources */ = {isa = PBXBuildFile; fileRef = E189BAA92AADC5D500831765 /* ModelData.swift */; };
		E189BAAF2AADCCEF00831765 /* LandmarkRow.swift in Sources */ = {isa = PBXBuildFile; fileRef = E189BAAE2AADCCEF00831765 /* LandmarkRow.swift */; };
		E18EDCBA2AAF9A16002809F4 /* HexagonParameters.swift in Sources */ = {isa = PBXBuildFile; fileRef = E18EDCB92AAF9A16002809F4 /* HexagonParameters.swift */; };
		E18EDCBC2AAF9ABF002809F4 /* BadgeBackground.swift in Sources */ = {isa = PBXBuildFile; fileRef = E18EDCBB2AAF9ABF002809F4 /* BadgeBackground.swift */; };
		E18EDCC02AAF9F1C002809F4 /* BadgeSymbol.swift in Sources */ = {isa = PBXBuildFile; fileRef = E18EDCBF2AAF9F1C002809F4 /* BadgeSymbol.swift */; };
		E1B01E8F2AAE1044003E60B0 /* LandmarkList.swift in Sources */ = {isa = PBXBuildFile; fileRef = E1B01E8E2AAE1044003E60B0 /* LandmarkList.swift */; };
		E1B01E912AAE11D2003E60B0 /* LandmarkDetail.swift in Sources */ = {isa = PBXBuildFile; fileRef = E1B01E902AAE11D2003E60B0 /* LandmarkDetail.swift */; };
		E1C55F192AB4CFE700A052BA /* PageViewController.swift in Sources */ = {isa = PBXBuildFile; fileRef = E1C55F182AB4CFE700A052BA /* PageViewController.swift */; };
		E1C55F212AB4D2B600A052BA /* FeatureCard.swift in Sources */ = {isa = PBXBuildFile; fileRef = E1C55F202AB4D2B600A052BA /* FeatureCard.swift */; };
		E1C55F232AB4D48700A052BA /* PageView.swift in Sources */ = {isa = PBXBuildFile; fileRef = E1C55F222AB4D48700A052BA /* PageView.swift */; };
		E1C55F252AB4D7F500A052BA /* PageControl.swift in Sources */ = {isa = PBXBuildFile; fileRef = E1C55F242AB4D7F500A052BA /* PageControl.swift */; };
		E1CD24C42AAE32170051E2DE /* FavoriteButton.swift in Sources */ = {isa = PBXBuildFile; fileRef = E1CD24C32AAE32170051E2DE /* FavoriteButton.swift */; };
		E1D32EE22AAD19310027FCA6 /* LandmarksApp.swift in Sources */ = {isa = PBXBuildFile; fileRef = E1D32EE12AAD19310027FCA6 /* LandmarksApp.swift */; };
		E1D32EE42AAD19310027FCA6 /* ContentView.swift in Sources */ = {isa = PBXBuildFile; fileRef = E1D32EE32AAD19310027FCA6 /* ContentView.swift */; };
		E1D32EE62AAD19320027FCA6 /* Assets.xcassets in Resources */ = {isa = PBXBuildFile; fileRef = E1D32EE52AAD19320027FCA6 /* Assets.xcassets */; };
		E1D32EE92AAD19320027FCA6 /* Preview Assets.xcassets in Resources */ = {isa = PBXBuildFile; fileRef = E1D32EE82AAD19320027FCA6 /* Preview Assets.xcassets */; };
		E1D32EF02AAD1C330027FCA6 /* CircleImage.swift in Sources */ = {isa = PBXBuildFile; fileRef = E1D32EEF2AAD1C330027FCA6 /* CircleImage.swift */; };
		E1D32EF22AAD1D460027FCA6 /* MapView.swift in Sources */ = {isa = PBXBuildFile; fileRef = E1D32EF12AAD1D460027FCA6 /* MapView.swift */; };
		E1E5BC272AB458CF002CAA23 /* CategoryHome.swift in Sources */ = {isa = PBXBuildFile; fileRef = E1E5BC262AB458CF002CAA23 /* CategoryHome.swift */; };
		E1E5BC292AB45AB0002CAA23 /* CategoryRow.swift in Sources */ = {isa = PBXBuildFile; fileRef = E1E5BC282AB45AB0002CAA23 /* CategoryRow.swift */; };
		E1E5BC2B2AB45D91002CAA23 /* CategoryItem.swift in Sources */ = {isa = PBXBuildFile; fileRef = E1E5BC2A2AB45D91002CAA23 /* CategoryItem.swift */; };
		E1E5BC2D2AB4658C002CAA23 /* Profile.swift in Sources */ = {isa = PBXBuildFile; fileRef = E1E5BC2C2AB4658C002CAA23 /* Profile.swift */; };
		E1E5BC302AB4674F002CAA23 /* ProfileHost.swift in Sources */ = {isa = PBXBuildFile; fileRef = E1E5BC2F2AB4674F002CAA23 /* ProfileHost.swift */; };
		E1E5BC322AB4679C002CAA23 /* ProfileSummary.swift in Sources */ = {isa = PBXBuildFile; fileRef = E1E5BC312AB4679C002CAA23 /* ProfileSummary.swift */; };
		E1E5BC342AB468C1002CAA23 /* HikeBadge.swift in Sources */ = {isa = PBXBuildFile; fileRef = E1E5BC332AB468C1002CAA23 /* HikeBadge.swift */; };
		E1F3D0BB2AB3A6A300AF5E9A /* hikeData.json in Resources */ = {isa = PBXBuildFile; fileRef = E1F3D0BA2AB3A6A300AF5E9A /* hikeData.json */; };
		E1F3D0BD2AB3A6CC00AF5E9A /* Hike.swift in Sources */ = {isa = PBXBuildFile; fileRef = E1F3D0BC2AB3A6CC00AF5E9A /* Hike.swift */; };
		E1F3D0C32AB3A82400AF5E9A /* GraphCapsule.swift in Sources */ = {isa = PBXBuildFile; fileRef = E1F3D0BF2AB3A82400AF5E9A /* GraphCapsule.swift */; };
		E1F3D0C42AB3A82400AF5E9A /* HikeGraph.swift in Sources */ = {isa = PBXBuildFile; fileRef = E1F3D0C02AB3A82400AF5E9A /* HikeGraph.swift */; };
		E1F3D0C52AB3A82400AF5E9A /* HikeDetail.swift in Sources */ = {isa = PBXBuildFile; fileRef = E1F3D0C12AB3A82400AF5E9A /* HikeDetail.swift */; };
		E1F3D0C62AB3A82400AF5E9A /* HikeView.swift in Sources */ = {isa = PBXBuildFile; fileRef = E1F3D0C22AB3A82400AF5E9A /* HikeView.swift */; };
/* End PBXBuildFile section */

/* Begin PBXFileReference section */
		E117B3EE2AB46F3900407A1E /* ProfileEditor.swift */ = {isa = PBXFileReference; lastKnownFileType = sourcecode.swift; path = ProfileEditor.swift; sourceTree = "<group>"; };
		E16F87CD2AB24C1B00B28A4A /* RotateBadgeSymbol.swift */ = {isa = PBXFileReference; lastKnownFileType = sourcecode.swift; path = RotateBadgeSymbol.swift; sourceTree = "<group>"; };
		E16F87CF2AB24C8A00B28A4A /* Badge.swift */ = {isa = PBXFileReference; lastKnownFileType = sourcecode.swift; path = Badge.swift; sourceTree = "<group>"; };
		E189BAA52AADC38600831765 /* landmarkData.json */ = {isa = PBXFileReference; fileEncoding = 4; lastKnownFileType = text.json; path = landmarkData.json; sourceTree = "<group>"; };
		E189BAA72AADC39D00831765 /* Landmark.swift */ = {isa = PBXFileReference; lastKnownFileType = sourcecode.swift; path = Landmark.swift; sourceTree = "<group>"; };
		E189BAA92AADC5D500831765 /* ModelData.swift */ = {isa = PBXFileReference; lastKnownFileType = sourcecode.swift; path = ModelData.swift; sourceTree = "<group>"; };
		E189BAAE2AADCCEF00831765 /* LandmarkRow.swift */ = {isa = PBXFileReference; lastKnownFileType = sourcecode.swift; path = LandmarkRow.swift; sourceTree = "<group>"; };
		E18EDCB92AAF9A16002809F4 /* HexagonParameters.swift */ = {isa = PBXFileReference; lastKnownFileType = sourcecode.swift; path = HexagonParameters.swift; sourceTree = "<group>"; };
		E18EDCBB2AAF9ABF002809F4 /* BadgeBackground.swift */ = {isa = PBXFileReference; lastKnownFileType = sourcecode.swift; path = BadgeBackground.swift; sourceTree = "<group>"; };
		E18EDCBF2AAF9F1C002809F4 /* BadgeSymbol.swift */ = {isa = PBXFileReference; lastKnownFileType = sourcecode.swift; path = BadgeSymbol.swift; sourceTree = "<group>"; };
		E1B01E8E2AAE1044003E60B0 /* LandmarkList.swift */ = {isa = PBXFileReference; lastKnownFileType = sourcecode.swift; path = LandmarkList.swift; sourceTree = "<group>"; };
		E1B01E902AAE11D2003E60B0 /* LandmarkDetail.swift */ = {isa = PBXFileReference; lastKnownFileType = sourcecode.swift; path = LandmarkDetail.swift; sourceTree = "<group>"; };
		E1C55F182AB4CFE700A052BA /* PageViewController.swift */ = {isa = PBXFileReference; lastKnownFileType = sourcecode.swift; path = PageViewController.swift; sourceTree = "<group>"; };
		E1C55F202AB4D2B600A052BA /* FeatureCard.swift */ = {isa = PBXFileReference; lastKnownFileType = sourcecode.swift; path = FeatureCard.swift; sourceTree = "<group>"; };
		E1C55F222AB4D48700A052BA /* PageView.swift */ = {isa = PBXFileReference; lastKnownFileType = sourcecode.swift; path = PageView.swift; sourceTree = "<group>"; };
		E1C55F242AB4D7F500A052BA /* PageControl.swift */ = {isa = PBXFileReference; lastKnownFileType = sourcecode.swift; path = PageControl.swift; sourceTree = "<group>"; };
		E1CD24C32AAE32170051E2DE /* FavoriteButton.swift */ = {isa = PBXFileReference; lastKnownFileType = sourcecode.swift; path = FavoriteButton.swift; sourceTree = "<group>"; };
		E1D32EDE2AAD19310027FCA6 /* Landmarks.app */ = {isa = PBXFileReference; explicitFileType = wrapper.application; includeInIndex = 0; path = Landmarks.app; sourceTree = BUILT_PRODUCTS_DIR; };
		E1D32EE12AAD19310027FCA6 /* LandmarksApp.swift */ = {isa = PBXFileReference; lastKnownFileType = sourcecode.swift; path = LandmarksApp.swift; sourceTree = "<group>"; };
		E1D32EE32AAD19310027FCA6 /* ContentView.swift */ = {isa = PBXFileReference; lastKnownFileType = sourcecode.swift; path = ContentView.swift; sourceTree = "<group>"; };
		E1D32EE52AAD19320027FCA6 /* Assets.xcassets */ = {isa = PBXFileReference; lastKnownFileType = folder.assetcatalog; path = Assets.xcassets; sourceTree = "<group>"; };
		E1D32EE82AAD19320027FCA6 /* Preview Assets.xcassets */ = {isa = PBXFileReference; lastKnownFileType = folder.assetcatalog; path = "Preview Assets.xcassets"; sourceTree = "<group>"; };
		E1D32EEF2AAD1C330027FCA6 /* CircleImage.swift */ = {isa = PBXFileReference; lastKnownFileType = sourcecode.swift; path = CircleImage.swift; sourceTree = "<group>"; };
		E1D32EF12AAD1D460027FCA6 /* MapView.swift */ = {isa = PBXFileReference; lastKnownFileType = sourcecode.swift; path = MapView.swift; sourceTree = "<group>"; };
		E1E5BC262AB458CF002CAA23 /* CategoryHome.swift */ = {isa = PBXFileReference; lastKnownFileType = sourcecode.swift; path = CategoryHome.swift; sourceTree = "<group>"; };
		E1E5BC282AB45AB0002CAA23 /* CategoryRow.swift */ = {isa = PBXFileReference; lastKnownFileType = sourcecode.swift; path = CategoryRow.swift; sourceTree = "<group>"; };
		E1E5BC2A2AB45D91002CAA23 /* CategoryItem.swift */ = {isa = PBXFileReference; lastKnownFileType = sourcecode.swift; path = CategoryItem.swift; sourceTree = "<group>"; };
		E1E5BC2C2AB4658C002CAA23 /* Profile.swift */ = {isa = PBXFileReference; lastKnownFileType = sourcecode.swift; path = Profile.swift; sourceTree = "<group>"; };
		E1E5BC2F2AB4674F002CAA23 /* ProfileHost.swift */ = {isa = PBXFileReference; lastKnownFileType = sourcecode.swift; path = ProfileHost.swift; sourceTree = "<group>"; };
		E1E5BC312AB4679C002CAA23 /* ProfileSummary.swift */ = {isa = PBXFileReference; lastKnownFileType = sourcecode.swift; path = ProfileSummary.swift; sourceTree = "<group>"; };
		E1E5BC332AB468C1002CAA23 /* HikeBadge.swift */ = {isa = PBXFileReference; lastKnownFileType = sourcecode.swift; path = HikeBadge.swift; sourceTree = "<group>"; };
		E1F3D0BA2AB3A6A300AF5E9A /* hikeData.json */ = {isa = PBXFileReference; fileEncoding = 4; lastKnownFileType = text.json; path = hikeData.json; sourceTree = "<group>"; };
		E1F3D0BC2AB3A6CC00AF5E9A /* Hike.swift */ = {isa = PBXFileReference; lastKnownFileType = sourcecode.swift; path = Hike.swift; sourceTree = "<group>"; };
		E1F3D0BF2AB3A82400AF5E9A /* GraphCapsule.swift */ = {isa = PBXFileReference; fileEncoding = 4; lastKnownFileType = sourcecode.swift; path = GraphCapsule.swift; sourceTree = "<group>"; };
		E1F3D0C02AB3A82400AF5E9A /* HikeGraph.swift */ = {isa = PBXFileReference; fileEncoding = 4; lastKnownFileType = sourcecode.swift; path = HikeGraph.swift; sourceTree = "<group>"; };
		E1F3D0C12AB3A82400AF5E9A /* HikeDetail.swift */ = {isa = PBXFileReference; fileEncoding = 4; lastKnownFileType = sourcecode.swift; path = HikeDetail.swift; sourceTree = "<group>"; };
		E1F3D0C22AB3A82400AF5E9A /* HikeView.swift */ = {isa = PBXFileReference; fileEncoding = 4; lastKnownFileType = sourcecode.swift; path = HikeView.swift; sourceTree = "<group>"; };
/* End PBXFileReference section */

/* Begin PBXFrameworksBuildPhase section */
		E1D32EDB2AAD19310027FCA6 /* Frameworks */ = {
			isa = PBXFrameworksBuildPhase;
			buildActionMask = 2147483647;
			files = (
			);
			runOnlyForDeploymentPostprocessing = 0;
		};
/* End PBXFrameworksBuildPhase section */

/* Begin PBXGroup section */
		E16F87D12AB24E1100B28A4A /* Badges */ = {
			isa = PBXGroup;
			children = (
				E18EDCBB2AAF9ABF002809F4 /* BadgeBackground.swift */,
				E18EDCBF2AAF9F1C002809F4 /* BadgeSymbol.swift */,
				E16F87CD2AB24C1B00B28A4A /* RotateBadgeSymbol.swift */,
				E16F87CF2AB24C8A00B28A4A /* Badge.swift */,
				E18EDCB92AAF9A16002809F4 /* HexagonParameters.swift */,
			);
			path = Badges;
			sourceTree = "<group>";
		};
		E189BAAB2AADC86C00831765 /* Views */ = {
			isa = PBXGroup;
			children = (
				E1C55F172AB4CFD200A052BA /* PageView */,
				E1E5BC2E2AB46731002CAA23 /* Profiles */,
				E1E5BC252AB458B9002CAA23 /* Categories */,
				E1F3D0BE2AB3A82400AF5E9A /* Hikes */,
				E1CD24C62AAE335D0051E2DE /* Helpers */,
				E1CD24C52AAE33340051E2DE /* Landmarks */,
				E1D32EE32AAD19310027FCA6 /* ContentView.swift */,
				E16F87D12AB24E1100B28A4A /* Badges */,
				E1C55F202AB4D2B600A052BA /* FeatureCard.swift */,
				E1C55F222AB4D48700A052BA /* PageView.swift */,
			);
			path = Views;
			sourceTree = "<group>";
		};
		E189BAAC2AADC8CA00831765 /* Model */ = {
			isa = PBXGroup;
			children = (
				E189BAA72AADC39D00831765 /* Landmark.swift */,
				E189BAA92AADC5D500831765 /* ModelData.swift */,
				E1F3D0BC2AB3A6CC00AF5E9A /* Hike.swift */,
				E1E5BC2C2AB4658C002CAA23 /* Profile.swift */,
			);
			path = Model;
			sourceTree = "<group>";
		};
		E189BAAD2AADC8E700831765 /* Resources */ = {
			isa = PBXGroup;
			children = (
				E1F3D0BA2AB3A6A300AF5E9A /* hikeData.json */,
				E189BAA52AADC38600831765 /* landmarkData.json */,
			);
			path = Resources;
			sourceTree = "<group>";
		};
		E1C55F172AB4CFD200A052BA /* PageView */ = {
			isa = PBXGroup;
			children = (
				E1C55F182AB4CFE700A052BA /* PageViewController.swift */,
				E1C55F242AB4D7F500A052BA /* PageControl.swift */,
			);
			path = PageView;
			sourceTree = "<group>";
		};
		E1CD24C52AAE33340051E2DE /* Landmarks */ = {
			isa = PBXGroup;
			children = (
				E189BAAE2AADCCEF00831765 /* LandmarkRow.swift */,
				E1B01E902AAE11D2003E60B0 /* LandmarkDetail.swift */,
				E1B01E8E2AAE1044003E60B0 /* LandmarkList.swift */,
			);
			path = Landmarks;
			sourceTree = "<group>";
		};
		E1CD24C62AAE335D0051E2DE /* Helpers */ = {
			isa = PBXGroup;
			children = (
				E1D32EF12AAD1D460027FCA6 /* MapView.swift */,
				E1D32EEF2AAD1C330027FCA6 /* CircleImage.swift */,
			);
			path = Helpers;
			sourceTree = "<group>";
		};
		E1D32ED52AAD19310027FCA6 = {
			isa = PBXGroup;
			children = (
				E189BAAB2AADC86C00831765 /* Views */,
				E189BAAD2AADC8E700831765 /* Resources */,
				E189BAAC2AADC8CA00831765 /* Model */,
				E1D32EE02AAD19310027FCA6 /* Landmarks */,
				E1D32EDF2AAD19310027FCA6 /* Products */,
			);
			sourceTree = "<group>";
		};
		E1D32EDF2AAD19310027FCA6 /* Products */ = {
			isa = PBXGroup;
			children = (
				E1D32EDE2AAD19310027FCA6 /* Landmarks.app */,
			);
			name = Products;
			sourceTree = "<group>";
		};
		E1D32EE02AAD19310027FCA6 /* Landmarks */ = {
			isa = PBXGroup;
			children = (
				E1D32EE12AAD19310027FCA6 /* LandmarksApp.swift */,
				E1CD24C32AAE32170051E2DE /* FavoriteButton.swift */,
				E1D32EE52AAD19320027FCA6 /* Assets.xcassets */,
				E1D32EE72AAD19320027FCA6 /* Preview Content */,
			);
			path = Landmarks;
			sourceTree = "<group>";
		};
		E1D32EE72AAD19320027FCA6 /* Preview Content */ = {
			isa = PBXGroup;
			children = (
				E1D32EE82AAD19320027FCA6 /* Preview Assets.xcassets */,
			);
			path = "Preview Content";
			sourceTree = "<group>";
		};
		E1E5BC252AB458B9002CAA23 /* Categories */ = {
			isa = PBXGroup;
			children = (
				E1E5BC262AB458CF002CAA23 /* CategoryHome.swift */,
				E1E5BC282AB45AB0002CAA23 /* CategoryRow.swift */,
				E1E5BC2A2AB45D91002CAA23 /* CategoryItem.swift */,
			);
			path = Categories;
			sourceTree = "<group>";
		};
		E1E5BC2E2AB46731002CAA23 /* Profiles */ = {
			isa = PBXGroup;
			children = (
				E1E5BC2F2AB4674F002CAA23 /* ProfileHost.swift */,
				E1E5BC312AB4679C002CAA23 /* ProfileSummary.swift */,
				E117B3EE2AB46F3900407A1E /* ProfileEditor.swift */,
			);
			path = Profiles;
			sourceTree = "<group>";
		};
		E1F3D0BE2AB3A82400AF5E9A /* Hikes */ = {
			isa = PBXGroup;
			children = (
				E1F3D0BF2AB3A82400AF5E9A /* GraphCapsule.swift */,
				E1F3D0C02AB3A82400AF5E9A /* HikeGraph.swift */,
				E1F3D0C12AB3A82400AF5E9A /* HikeDetail.swift */,
				E1F3D0C22AB3A82400AF5E9A /* HikeView.swift */,
				E1E5BC332AB468C1002CAA23 /* HikeBadge.swift */,
			);
			path = Hikes;
			sourceTree = "<group>";
		};
/* End PBXGroup section */

/* Begin PBXNativeTarget section */
		E1D32EDD2AAD19310027FCA6 /* Landmarks */ = {
			isa = PBXNativeTarget;
			buildConfigurationList = E1D32EEC2AAD19320027FCA6 /* Build configuration list for PBXNativeTarget "Landmarks" */;
			buildPhases = (
				E1D32EDA2AAD19310027FCA6 /* Sources */,
				E1D32EDB2AAD19310027FCA6 /* Frameworks */,
				E1D32EDC2AAD19310027FCA6 /* Resources */,
			);
			buildRules = (
			);
			dependencies = (
			);
			name = Landmarks;
			productName = Landmarks;
			productReference = E1D32EDE2AAD19310027FCA6 /* Landmarks.app */;
			productType = "com.apple.product-type.application";
		};
/* End PBXNativeTarget section */

/* Begin PBXProject section */
		E1D32ED62AAD19310027FCA6 /* Project object */ = {
			isa = PBXProject;
			attributes = {
				BuildIndependentTargetsInParallel = 1;
				LastSwiftUpdateCheck = 1430;
				LastUpgradeCheck = 1430;
				TargetAttributes = {
					E1D32EDD2AAD19310027FCA6 = {
						CreatedOnToolsVersion = 14.3.1;
					};
				};
			};
			buildConfigurationList = E1D32ED92AAD19310027FCA6 /* Build configuration list for PBXProject "Landmarks" */;
			compatibilityVersion = "Xcode 14.0";
			developmentRegion = en;
			hasScannedForEncodings = 0;
			knownRegions = (
				en,
				Base,
			);
			mainGroup = E1D32ED52AAD19310027FCA6;
			productRefGroup = E1D32EDF2AAD19310027FCA6 /* Products */;
			projectDirPath = "";
			projectRoot = "";
			targets = (
				E1D32EDD2AAD19310027FCA6 /* Landmarks */,
			);
		};
/* End PBXProject section */

/* Begin PBXResourcesBuildPhase section */
		E1D32EDC2AAD19310027FCA6 /* Resources */ = {
			isa = PBXResourcesBuildPhase;
			buildActionMask = 2147483647;
			files = (
				E1F3D0BB2AB3A6A300AF5E9A /* hikeData.json in Resources */,
				E1D32EE92AAD19320027FCA6 /* Preview Assets.xcassets in Resources */,
				E1D32EE62AAD19320027FCA6 /* Assets.xcassets in Resources */,
				E189BAA62AADC38600831765 /* landmarkData.json in Resources */,
			);
			runOnlyForDeploymentPostprocessing = 0;
		};
/* End PBXResourcesBuildPhase section */

/* Begin PBXSourcesBuildPhase section */
		E1D32EDA2AAD19310027FCA6 /* Sources */ = {
			isa = PBXSourcesBuildPhase;
			buildActionMask = 2147483647;
			files = (
				E1E5BC292AB45AB0002CAA23 /* CategoryRow.swift in Sources */,
				E1E5BC2D2AB4658C002CAA23 /* Profile.swift in Sources */,
				E1D32EE42AAD19310027FCA6 /* ContentView.swift in Sources */,
				E1E5BC272AB458CF002CAA23 /* CategoryHome.swift in Sources */,
				E1C55F212AB4D2B600A052BA /* FeatureCard.swift in Sources */,
				E1F3D0C42AB3A82400AF5E9A /* HikeGraph.swift in Sources */,
				E16F87D02AB24C8A00B28A4A /* Badge.swift in Sources */,
				E1D32EF22AAD1D460027FCA6 /* MapView.swift in Sources */,
				E1F3D0C32AB3A82400AF5E9A /* GraphCapsule.swift in Sources */,
				E16F87CE2AB24C1B00B28A4A /* RotateBadgeSymbol.swift in Sources */,
				E1C55F252AB4D7F500A052BA /* PageControl.swift in Sources */,
				E1D32EE22AAD19310027FCA6 /* LandmarksApp.swift in Sources */,
				E1E5BC2B2AB45D91002CAA23 /* CategoryItem.swift in Sources */,
				E1F3D0C52AB3A82400AF5E9A /* HikeDetail.swift in Sources */,
				E1E5BC322AB4679C002CAA23 /* ProfileSummary.swift in Sources */,
				E1CD24C42AAE32170051E2DE /* FavoriteButton.swift in Sources */,
				E1E5BC302AB4674F002CAA23 /* ProfileHost.swift in Sources */,
				E1F3D0BD2AB3A6CC00AF5E9A /* Hike.swift in Sources */,
				E18EDCBA2AAF9A16002809F4 /* HexagonParameters.swift in Sources */,
				E1C55F232AB4D48700A052BA /* PageView.swift in Sources */,
				E18EDCC02AAF9F1C002809F4 /* BadgeSymbol.swift in Sources */,
				E117B3EF2AB46F3900407A1E /* ProfileEditor.swift in Sources */,
				E1B01E8F2AAE1044003E60B0 /* LandmarkList.swift in Sources */,
				E1F3D0C62AB3A82400AF5E9A /* HikeView.swift in Sources */,
				E1B01E912AAE11D2003E60B0 /* LandmarkDetail.swift in Sources */,
				E1C55F192AB4CFE700A052BA /* PageViewController.swift in Sources */,
				E18EDCBC2AAF9ABF002809F4 /* BadgeBackground.swift in Sources */,
				E1E5BC342AB468C1002CAA23 /* HikeBadge.swift in Sources */,
				E1D32EF02AAD1C330027FCA6 /* CircleImage.swift in Sources */,
				E189BAA82AADC39D00831765 /* Landmark.swift in Sources */,
				E189BAAF2AADCCEF00831765 /* LandmarkRow.swift in Sources */,
				E189BAAA2AADC5D500831765 /* ModelData.swift in Sources */,
			);
			runOnlyForDeploymentPostprocessing = 0;
		};
/* End PBXSourcesBuildPhase section */

/* Begin XCBuildConfiguration section */
		E1D32EEA2AAD19320027FCA6 /* Debug */ = {
			isa = XCBuildConfiguration;
			buildSettings = {
				ALWAYS_SEARCH_USER_PATHS = NO;
				CLANG_ANALYZER_NONNULL = YES;
				CLANG_ANALYZER_NUMBER_OBJECT_CONVERSION = YES_AGGRESSIVE;
				CLANG_CXX_LANGUAGE_STANDARD = "gnu++20";
				CLANG_ENABLE_MODULES = YES;
				CLANG_ENABLE_OBJC_ARC = YES;
				CLANG_ENABLE_OBJC_WEAK = YES;
				CLANG_WARN_BLOCK_CAPTURE_AUTORELEASING = YES;
				CLANG_WARN_BOOL_CONVERSION = YES;
				CLANG_WARN_COMMA = YES;
				CLANG_WARN_CONSTANT_CONVERSION = YES;
				CLANG_WARN_DEPRECATED_OBJC_IMPLEMENTATIONS = YES;
				CLANG_WARN_DIRECT_OBJC_ISA_USAGE = YES_ERROR;
				CLANG_WARN_DOCUMENTATION_COMMENTS = YES;
				CLANG_WARN_EMPTY_BODY = YES;
				CLANG_WARN_ENUM_CONVERSION = YES;
				CLANG_WARN_INFINITE_RECURSION = YES;
				CLANG_WARN_INT_CONVERSION = YES;
				CLANG_WARN_NON_LITERAL_NULL_CONVERSION = YES;
				CLANG_WARN_OBJC_IMPLICIT_RETAIN_SELF = YES;
				CLANG_WARN_OBJC_LITERAL_CONVERSION = YES;
				CLANG_WARN_OBJC_ROOT_CLASS = YES_ERROR;
				CLANG_WARN_QUOTED_INCLUDE_IN_FRAMEWORK_HEADER = YES;
				CLANG_WARN_RANGE_LOOP_ANALYSIS = YES;
				CLANG_WARN_STRICT_PROTOTYPES = YES;
				CLANG_WARN_SUSPICIOUS_MOVE = YES;
				CLANG_WARN_UNGUARDED_AVAILABILITY = YES_AGGRESSIVE;
				CLANG_WARN_UNREACHABLE_CODE = YES;
				CLANG_WARN__DUPLICATE_METHOD_MATCH = YES;
				COPY_PHASE_STRIP = NO;
				DEBUG_INFORMATION_FORMAT = dwarf;
				ENABLE_STRICT_OBJC_MSGSEND = YES;
				ENABLE_TESTABILITY = YES;
				GCC_C_LANGUAGE_STANDARD = gnu11;
				GCC_DYNAMIC_NO_PIC = NO;
				GCC_NO_COMMON_BLOCKS = YES;
				GCC_OPTIMIZATION_LEVEL = 0;
				GCC_PREPROCESSOR_DEFINITIONS = (
					"DEBUG=1",
					"$(inherited)",
				);
				GCC_WARN_64_TO_32_BIT_CONVERSION = YES;
				GCC_WARN_ABOUT_RETURN_TYPE = YES_ERROR;
				GCC_WARN_UNDECLARED_SELECTOR = YES;
				GCC_WARN_UNINITIALIZED_AUTOS = YES_AGGRESSIVE;
				GCC_WARN_UNUSED_FUNCTION = YES;
				GCC_WARN_UNUSED_VARIABLE = YES;
				IPHONEOS_DEPLOYMENT_TARGET = 16.4;
				MTL_ENABLE_DEBUG_INFO = INCLUDE_SOURCE;
				MTL_FAST_MATH = YES;
				ONLY_ACTIVE_ARCH = YES;
				SDKROOT = iphoneos;
				SWIFT_ACTIVE_COMPILATION_CONDITIONS = DEBUG;
				SWIFT_OPTIMIZATION_LEVEL = "-Onone";
			};
			name = Debug;
		};
		E1D32EEB2AAD19320027FCA6 /* Release */ = {
			isa = XCBuildConfiguration;
			buildSettings = {
				ALWAYS_SEARCH_USER_PATHS = NO;
				CLANG_ANALYZER_NONNULL = YES;
				CLANG_ANALYZER_NUMBER_OBJECT_CONVERSION = YES_AGGRESSIVE;
				CLANG_CXX_LANGUAGE_STANDARD = "gnu++20";
				CLANG_ENABLE_MODULES = YES;
				CLANG_ENABLE_OBJC_ARC = YES;
				CLANG_ENABLE_OBJC_WEAK = YES;
				CLANG_WARN_BLOCK_CAPTURE_AUTORELEASING = YES;
				CLANG_WARN_BOOL_CONVERSION = YES;
				CLANG_WARN_COMMA = YES;
				CLANG_WARN_CONSTANT_CONVERSION = YES;
				CLANG_WARN_DEPRECATED_OBJC_IMPLEMENTATIONS = YES;
				CLANG_WARN_DIRECT_OBJC_ISA_USAGE = YES_ERROR;
				CLANG_WARN_DOCUMENTATION_COMMENTS = YES;
				CLANG_WARN_EMPTY_BODY = YES;
				CLANG_WARN_ENUM_CONVERSION = YES;
				CLANG_WARN_INFINITE_RECURSION = YES;
				CLANG_WARN_INT_CONVERSION = YES;
				CLANG_WARN_NON_LITERAL_NULL_CONVERSION = YES;
				CLANG_WARN_OBJC_IMPLICIT_RETAIN_SELF = YES;
				CLANG_WARN_OBJC_LITERAL_CONVERSION = YES;
				CLANG_WARN_OBJC_ROOT_CLASS = YES_ERROR;
				CLANG_WARN_QUOTED_INCLUDE_IN_FRAMEWORK_HEADER = YES;
				CLANG_WARN_RANGE_LOOP_ANALYSIS = YES;
				CLANG_WARN_STRICT_PROTOTYPES = YES;
				CLANG_WARN_SUSPICIOUS_MOVE = YES;
				CLANG_WARN_UNGUARDED_AVAILABILITY = YES_AGGRESSIVE;
				CLANG_WARN_UNREACHABLE_CODE = YES;
				CLANG_WARN__DUPLICATE_METHOD_MATCH = YES;
				COPY_PHASE_STRIP = NO;
				DEBUG_INFORMATION_FORMAT = "dwarf-with-dsym";
				ENABLE_NS_ASSERTIONS = NO;
				ENABLE_STRICT_OBJC_MSGSEND = YES;
				GCC_C_LANGUAGE_STANDARD = gnu11;
				GCC_NO_COMMON_BLOCKS = YES;
				GCC_WARN_64_TO_32_BIT_CONVERSION = YES;
				GCC_WARN_ABOUT_RETURN_TYPE = YES_ERROR;
				GCC_WARN_UNDECLARED_SELECTOR = YES;
				GCC_WARN_UNINITIALIZED_AUTOS = YES_AGGRESSIVE;
				GCC_WARN_UNUSED_FUNCTION = YES;
				GCC_WARN_UNUSED_VARIABLE = YES;
				IPHONEOS_DEPLOYMENT_TARGET = 16.4;
				MTL_ENABLE_DEBUG_INFO = NO;
				MTL_FAST_MATH = YES;
				SDKROOT = iphoneos;
				SWIFT_COMPILATION_MODE = wholemodule;
				SWIFT_OPTIMIZATION_LEVEL = "-O";
				VALIDATE_PRODUCT = YES;
			};
			name = Release;
		};
		E1D32EED2AAD19320027FCA6 /* Debug */ = {
			isa = XCBuildConfiguration;
			buildSettings = {
				ASSETCATALOG_COMPILER_APPICON_NAME = AppIcon;
				ASSETCATALOG_COMPILER_GLOBAL_ACCENT_COLOR_NAME = AccentColor;
				CODE_SIGN_STYLE = Automatic;
				CURRENT_PROJECT_VERSION = 1;
				DEVELOPMENT_ASSET_PATHS = "\"Landmarks/Preview Content\"";
				ENABLE_PREVIEWS = YES;
				GENERATE_INFOPLIST_FILE = YES;
				INFOPLIST_KEY_UIApplicationSceneManifest_Generation = YES;
				INFOPLIST_KEY_UIApplicationSupportsIndirectInputEvents = YES;
				INFOPLIST_KEY_UILaunchScreen_Generation = YES;
				INFOPLIST_KEY_UISupportedInterfaceOrientations_iPad = "UIInterfaceOrientationPortrait UIInterfaceOrientationPortraitUpsideDown UIInterfaceOrientationLandscapeLeft UIInterfaceOrientationLandscapeRight";
				INFOPLIST_KEY_UISupportedInterfaceOrientations_iPhone = "UIInterfaceOrientationPortrait UIInterfaceOrientationLandscapeLeft UIInterfaceOrientationLandscapeRight";
				LD_RUNPATH_SEARCH_PATHS = (
					"$(inherited)",
					"@executable_path/Frameworks",
				);
				MARKETING_VERSION = 1.0;
				PRODUCT_BUNDLE_IDENTIFIER = bberkey34.Landmarks;
				PRODUCT_NAME = "$(TARGET_NAME)";
				SWIFT_EMIT_LOC_STRINGS = YES;
				SWIFT_VERSION = 5.0;
				TARGETED_DEVICE_FAMILY = "1,2";
			};
			name = Debug;
		};
		E1D32EEE2AAD19320027FCA6 /* Release */ = {
			isa = XCBuildConfiguration;
			buildSettings = {
				ASSETCATALOG_COMPILER_APPICON_NAME = AppIcon;
				ASSETCATALOG_COMPILER_GLOBAL_ACCENT_COLOR_NAME = AccentColor;
				CODE_SIGN_STYLE = Automatic;
				CURRENT_PROJECT_VERSION = 1;
				DEVELOPMENT_ASSET_PATHS = "\"Landmarks/Preview Content\"";
				ENABLE_PREVIEWS = YES;
				GENERATE_INFOPLIST_FILE = YES;
				INFOPLIST_KEY_UIApplicationSceneManifest_Generation = YES;
				INFOPLIST_KEY_UIApplicationSupportsIndirectInputEvents = YES;
				INFOPLIST_KEY_UILaunchScreen_Generation = YES;
				INFOPLIST_KEY_UISupportedInterfaceOrientations_iPad = "UIInterfaceOrientationPortrait UIInterfaceOrientationPortraitUpsideDown UIInterfaceOrientationLandscapeLeft UIInterfaceOrientationLandscapeRight";
				INFOPLIST_KEY_UISupportedInterfaceOrientations_iPhone = "UIInterfaceOrientationPortrait UIInterfaceOrientationLandscapeLeft UIInterfaceOrientationLandscapeRight";
				LD_RUNPATH_SEARCH_PATHS = (
					"$(inherited)",
					"@executable_path/Frameworks",
				);
				MARKETING_VERSION = 1.0;
				PRODUCT_BUNDLE_IDENTIFIER = bberkey34.Landmarks;
				PRODUCT_NAME = "$(TARGET_NAME)";
				SWIFT_EMIT_LOC_STRINGS = YES;
				SWIFT_VERSION = 5.0;
				TARGETED_DEVICE_FAMILY = "1,2";
			};
			name = Release;
		};
/* End XCBuildConfiguration section */

/* Begin XCConfigurationList section */
		E1D32ED92AAD19310027FCA6 /* Build configuration list for PBXProject "Landmarks" */ = {
			isa = XCConfigurationList;
			buildConfigurations = (
				E1D32EEA2AAD19320027FCA6 /* Debug */,
				E1D32EEB2AAD19320027FCA6 /* Release */,
			);
			defaultConfigurationIsVisible = 0;
			defaultConfigurationName = Release;
		};
		E1D32EEC2AAD19320027FCA6 /* Build configuration list for PBXNativeTarget "Landmarks" */ = {
			isa = XCConfigurationList;
			buildConfigurations = (
				E1D32EED2AAD19320027FCA6 /* Debug */,
				E1D32EEE2AAD19320027FCA6 /* Release */,
			);
			defaultConfigurationIsVisible = 0;
			defaultConfigurationName = Release;
		};
/* End XCConfigurationList section */
	};
	rootObject = E1D32ED62AAD19310027FCA6 /* Project object */;
}
